[[package]]
category = "main"
description = "Asyncio support for PEP-567 contextvars backport."
marker = "python_version < \"3.7\""
name = "aiocontextvars"
optional = false
python-versions = ">=3.5"
version = "0.2.2"

[package.dependencies]
[package.dependencies.contextvars]
python = "<3.7"
version = "2.4"

[[package]]
category = "main"
description = "Atomic file writes."
marker = "sys_platform == \"win32\""
name = "atomicwrites"
optional = false
python-versions = ">=2.7, !=3.0.*, !=3.1.*, !=3.2.*, !=3.3.*"
version = "1.4.0"

[[package]]
category = "main"
description = "Classes Without Boilerplate"
name = "attrs"
optional = false
python-versions = ">=2.7, !=3.0.*, !=3.1.*, !=3.2.*, !=3.3.*"
version = "19.3.0"

[package.extras]
azure-pipelines = ["coverage", "hypothesis", "pympler", "pytest (>=4.3.0)", "six", "zope.interface", "pytest-azurepipelines"]
dev = ["coverage", "hypothesis", "pympler", "pytest (>=4.3.0)", "six", "zope.interface", "sphinx", "pre-commit"]
docs = ["sphinx", "zope.interface"]
tests = ["coverage", "hypothesis", "pympler", "pytest (>=4.3.0)", "six", "zope.interface"]

[[package]]
category = "main"
description = "Backport of Python 3.7's datetime.fromisoformat"
marker = "python_version == \"3.6\""
name = "backports-datetime-fromisoformat"
optional = false
python-versions = "*"
version = "1.0.0"

[[package]]
category = "main"
description = "BSON codec for Python"
name = "bson"
optional = false
python-versions = "*"
version = "0.5.9"

[package.dependencies]
python-dateutil = ">=2.4.0"
six = ">=1.9.0"

[[package]]
category = "main"
description = "Composable command line interface toolkit"
name = "click"
optional = false
python-versions = ">=2.7, !=3.0.*, !=3.1.*, !=3.2.*, !=3.3.*, !=3.4.*"
version = "7.1.2"

[[package]]
category = "main"
description = "Cross-platform colored terminal text."
marker = "sys_platform == \"win32\""
name = "colorama"
optional = false
python-versions = ">=2.7, !=3.0.*, !=3.1.*, !=3.2.*, !=3.3.*, !=3.4.*"
version = "0.4.3"

[[package]]
category = "main"
description = "PEP 567 Backport"
marker = "python_version < \"3.7\""
name = "contextvars"
optional = false
python-versions = "*"
version = "2.4"

[package.dependencies]
immutables = ">=0.9"

[[package]]
category = "main"
description = "A backport of the dataclasses module for Python 3.6"
marker = "python_version == \"3.6\""
name = "dataclasses"
optional = false
python-versions = ">=3.6, <3.7"
version = "0.7"

[[package]]
category = "main"
description = "Immutable Collections"
marker = "python_version < \"3.7\""
name = "immutables"
optional = false
python-versions = "*"
version = "0.12"

[[package]]
category = "main"
description = "Read metadata from Python packages"
marker = "python_version < \"3.8\""
name = "importlib-metadata"
optional = false
python-versions = "!=3.0.*,!=3.1.*,!=3.2.*,!=3.3.*,!=3.4.*,>=2.7"
version = "1.6.0"

[package.dependencies]
zipp = ">=0.5"

[package.extras]
docs = ["sphinx", "rst.linker"]
testing = ["packaging", "importlib-resources"]

[[package]]
category = "main"
description = "Universal Python binding for the LMDB 'Lightning' Database"
name = "lmdb"
optional = false
python-versions = "*"
version = "0.98"

[[package]]
category = "main"
description = "Python logging made (stupidly) simple"
name = "loguru"
optional = false
python-versions = ">=3.5"
version = "0.4.1"

[package.dependencies]
colorama = ">=0.3.4"
win32-setctime = ">=1.0.0"

[package.dependencies.aiocontextvars]
python = "<3.7"
version = ">=0.2.0"

[package.extras]
dev = ["codecov (>=2.0.15)", "colorama (>=0.3.4)", "flake8 (>=3.7.7)", "isort (>=4.3.20)", "tox (>=3.9.0)", "tox-travis (>=0.12)", "pytest (>=4.6.2)", "pytest-cov (>=2.7.1)", "Sphinx (>=2.2.1)", "sphinx-autobuild (>=0.7.1)", "sphinx-rtd-theme (>=0.4.3)", "black (>=19.3b0)"]

[[package]]
category = "main"
description = "Fast serialization framework on top of dataclasses"
name = "mashumaro"
optional = false
python-versions = ">=3.6"
version = "1.12"

[package.dependencies]
msgpack = ">=0.5.6"
pyyaml = ">=3.13"

[package.dependencies.backports-datetime-fromisoformat]
python = ">=3.6,<3.7"
version = "*"

[package.dependencies.dataclasses]
python = ">=3.6,<3.7"
version = "*"

[[package]]
category = "main"
description = "More routines for operating on iterables, beyond itertools"
name = "more-itertools"
optional = false
python-versions = ">=3.5"
version = "8.3.0"

[[package]]
category = "main"
description = "MessagePack (de)serializer."
name = "msgpack"
optional = false
python-versions = "*"
version = "1.0.0"

[[package]]
category = "main"
description = "Core utilities for Python packages"
name = "packaging"
optional = false
python-versions = ">=2.7, !=3.0.*, !=3.1.*, !=3.2.*, !=3.3.*"
version = "20.3"

[package.dependencies]
pyparsing = ">=2.0.2"
six = "*"

[[package]]
category = "main"
description = ""
name = "pipfile"
optional = false
python-versions = "*"
version = "0.0.2"

[package.dependencies]
toml = "*"

[[package]]
category = "main"
description = "plugin and hook calling mechanisms for python"
name = "pluggy"
optional = false
python-versions = ">=2.7, !=3.0.*, !=3.1.*, !=3.2.*, !=3.3.*"
version = "0.13.1"

[package.dependencies]
[package.dependencies.importlib-metadata]
python = "<3.8"
version = ">=0.12"

[package.extras]
dev = ["pre-commit", "tox"]

[[package]]
category = "main"
description = "library with cross-python path, ini-parsing, io, code, log facilities"
name = "py"
optional = false
python-versions = ">=2.7, !=3.0.*, !=3.1.*, !=3.2.*, !=3.3.*"
version = "1.8.1"

[[package]]
category = "main"
description = "Database library for Python based on LMDB storage engine"
name = "pynndb2"
optional = false
python-versions = "*"
version = "2.0.7"

[package.dependencies]
Pipfile = "*"
bson = "*"
lmdb = "*"
pytest = "*"
ujson = "*"

[[package]]
category = "main"
description = "Python parsing module"
name = "pyparsing"
optional = false
python-versions = ">=2.6, !=3.0.*, !=3.1.*, !=3.2.*"
version = "2.4.7"

[[package]]
category = "main"
description = "pytest: simple powerful testing with Python"
name = "pytest"
optional = false
python-versions = ">=3.5"
version = "5.4.2"

[package.dependencies]
atomicwrites = ">=1.0"
attrs = ">=17.4.0"
colorama = "*"
more-itertools = ">=4.0.0"
packaging = "*"
pluggy = ">=0.12,<1.0"
py = ">=1.5.0"
wcwidth = "*"

[package.dependencies.importlib-metadata]
python = "<3.8"
version = ">=0.12"

[package.extras]
checkqa-mypy = ["mypy (v0.761)"]
testing = ["argcomplete", "hypothesis (>=3.56)", "mock", "nose", "requests", "xmlschema"]

[[package]]
category = "main"
description = "Extensions to the standard Python datetime module"
name = "python-dateutil"
optional = false
python-versions = "!=3.0.*,!=3.1.*,!=3.2.*,>=2.7"
version = "2.8.1"

[package.dependencies]
six = ">=1.5"

[[package]]
category = "main"
description = "YAML parser and emitter for Python"
name = "pyyaml"
optional = false
python-versions = ">=2.7, !=3.0.*, !=3.1.*, !=3.2.*, !=3.3.*, !=3.4.*"
version = "5.3.1"

[[package]]
category = "main"
description = "Python bindings for 0MQ"
name = "pyzmq"
optional = false
python-versions = ">=2.7,!=3.0.*,!=3.1.*,!=3.2.*"
version = "19.0.1"

[[package]]
category = "main"
description = "Python 2 and 3 compatibility utilities"
name = "six"
optional = false
python-versions = ">=2.7, !=3.0.*, !=3.1.*, !=3.2.*"
version = "1.14.0"

[[package]]
category = "dev"
description = "Debug-friendly stack traces, with variable values and semantic highlighting"
name = "stackprinter"
optional = false
python-versions = ">=3.4"
version = "0.2.3"

[[package]]
category = "main"
description = "Python Library for Tom's Obvious, Minimal Language"
name = "toml"
optional = false
python-versions = "*"
version = "0.10.0"

[[package]]
category = "main"
description = "Fast, Extensible Progress Meter"
name = "tqdm"
optional = false
python-versions = ">=2.6, !=3.0.*, !=3.1.*"
version = "4.46.0"

[package.extras]
dev = ["py-make (>=0.1.0)", "twine", "argopt", "pydoc-markdown"]

[[package]]
category = "main"
description = "Typer, build great CLIs. Easy to code. Based on Python type hints."
name = "typer"
optional = false
python-versions = ">=3.6"
version = "0.2.1"

[package.dependencies]
click = ">=7.1.1,<7.2.0"

[package.extras]
all = ["colorama", "shellingham"]
dev = ["autoflake", "flake8"]
doc = ["mkdocs", "mkdocs-material", "markdown-include"]
test = ["shellingham", "pytest (>=4.4.0,<5.4)", "pytest-cov", "coverage", "pytest-xdist", "pytest-sugar", "mypy", "black", "isort"]

[[package]]
category = "main"
description = "Ultra fast JSON encoder and decoder for Python"
name = "ujson"
optional = false
python-versions = ">=2.7, !=3.0.*, !=3.1.*, !=3.2.*, !=3.3.*, !=3.4.*"
version = "2.0.3"

[[package]]
category = "main"
description = "Measures number of Terminal column cells of wide-character codes"
name = "wcwidth"
optional = false
python-versions = "*"
version = "0.1.9"

[[package]]
category = "main"
description = "A small Python utility to set file creation time on Windows"
marker = "sys_platform == \"win32\""
name = "win32-setctime"
optional = false
python-versions = ">=3.5"
version = "1.0.1"

[package.extras]
dev = ["pytest (>=4.6.2)", "black (>=19.3b0)"]

[[package]]
category = "main"
description = "Backport of pathlib-compatible object wrapper for zip files"
marker = "python_version < \"3.8\""
name = "zipp"
optional = false
python-versions = ">=3.6"
version = "3.1.0"

[package.extras]
docs = ["sphinx", "jaraco.packaging (>=3.2)", "rst.linker (>=1.9)"]
testing = ["jaraco.itertools", "func-timeout"]

[metadata]
content-hash = "e314a03a2be1162f3bef0b72d47635d12a004f0eec3b522bf3575a8b47048e20"
python-versions = "^3.6"

[metadata.files]
aiocontextvars = [
    {file = "aiocontextvars-0.2.2-py2.py3-none-any.whl", hash = "sha256:885daf8261818767d8f7cbd79f9d4482d118f024b6586ef6e67980236a27bfa3"},
    {file = "aiocontextvars-0.2.2.tar.gz", hash = "sha256:f027372dc48641f683c559f247bd84962becaacdc9ba711d583c3871fb5652aa"},
]
atomicwrites = [
    {file = "atomicwrites-1.4.0-py2.py3-none-any.whl", hash = "sha256:6d1784dea7c0c8d4a5172b6c620f40b6e4cbfdf96d783691f2e1302a7b88e197"},
    {file = "atomicwrites-1.4.0.tar.gz", hash = "sha256:ae70396ad1a434f9c7046fd2dd196fc04b12f9e91ffb859164193be8b6168a7a"},
]
attrs = [
    {file = "attrs-19.3.0-py2.py3-none-any.whl", hash = "sha256:08a96c641c3a74e44eb59afb61a24f2cb9f4d7188748e76ba4bb5edfa3cb7d1c"},
    {file = "attrs-19.3.0.tar.gz", hash = "sha256:f7b7ce16570fe9965acd6d30101a28f62fb4a7f9e926b3bbc9b61f8b04247e72"},
]
backports-datetime-fromisoformat = [
    {file = "backports-datetime-fromisoformat-1.0.0.tar.gz", hash = "sha256:9577a2a9486cd7383a5f58b23bb8e81cf0821dbbc0eb7c87d3fa198c1df40f5c"},
]
bson = [
    {file = "bson-0.5.9.tar.gz", hash = "sha256:84a06dd1fa350d5814d9845abad982e8ac4c9768c4f41afeaa5fdb6d58570158"},
]
click = [
    {file = "click-7.1.2-py2.py3-none-any.whl", hash = "sha256:dacca89f4bfadd5de3d7489b7c8a566eee0d3676333fbb50030263894c38c0dc"},
    {file = "click-7.1.2.tar.gz", hash = "sha256:d2b5255c7c6349bc1bd1e59e08cd12acbbd63ce649f2588755783aa94dfb6b1a"},
]
colorama = [
    {file = "colorama-0.4.3-py2.py3-none-any.whl", hash = "sha256:7d73d2a99753107a36ac6b455ee49046802e59d9d076ef8e47b61499fa29afff"},
    {file = "colorama-0.4.3.tar.gz", hash = "sha256:e96da0d330793e2cb9485e9ddfd918d456036c7149416295932478192f4436a1"},
]
contextvars = [
    {file = "contextvars-2.4.tar.gz", hash = "sha256:f38c908aaa59c14335eeea12abea5f443646216c4e29380d7bf34d2018e2c39e"},
]
dataclasses = [
    {file = "dataclasses-0.7-py3-none-any.whl", hash = "sha256:3459118f7ede7c8bea0fe795bff7c6c2ce287d01dd226202f7c9ebc0610a7836"},
    {file = "dataclasses-0.7.tar.gz", hash = "sha256:494a6dcae3b8bcf80848eea2ef64c0cc5cd307ffc263e17cdf42f3e5420808e6"},
]
immutables = [
    {file = "immutables-0.12-cp35-cp35m-macosx_10_13_x86_64.whl", hash = "sha256:e6708f708baa6b21b400d9c637e51d827a58f34d200bb0a81f697b7ee25115a8"},
    {file = "immutables-0.12-cp35-cp35m-manylinux1_x86_64.whl", hash = "sha256:3cf3b047e99ad7d30b0dc0f35bd2318220cb950d61d299faccf7d91982f240c6"},
    {file = "immutables-0.12-cp36-cp36m-macosx_10_13_x86_64.whl", hash = "sha256:901479aa842837550d04486adc26096089aba2d78cb4c62179d8397434b3a2a2"},
    {file = "immutables-0.12-cp36-cp36m-manylinux1_x86_64.whl", hash = "sha256:2ab6887146dd1a1eba32de23929d41b4e10761923846ee90500d3cf78de7b26f"},
    {file = "immutables-0.12-cp36-cp36m-win_amd64.whl", hash = "sha256:a294c5c04a3a8adf324c26d842d2baf199cc50d9abe9e63200d8f3400f26543b"},
    {file = "immutables-0.12-cp37-cp37m-macosx_10_13_x86_64.whl", hash = "sha256:30726e341c067dc62bee6de4513189a82090fda18192629b458ecec6e596d2a5"},
    {file = "immutables-0.12-cp37-cp37m-manylinux1_x86_64.whl", hash = "sha256:19b643fb078b45bb5669786140427acbbbd21c3312c44a6297718ca97bf00c38"},
    {file = "immutables-0.12-cp37-cp37m-win_amd64.whl", hash = "sha256:f75e7a65be68eb71f818a13a7a9728d26f4e19f7ea865b78d300b635ffadcbc1"},
    {file = "immutables-0.12-cp38-cp38-macosx_10_13_x86_64.whl", hash = "sha256:d1ee0e401e52a3d9c121e4e68e1f6548c9fab44e8f8eda0cafe29478213924a8"},
    {file = "immutables-0.12-cp38-cp38-manylinux1_x86_64.whl", hash = "sha256:3cd38a96455000c481f94b7fb28fe4971dc4250c7dd34c0c8da53011d0efbb1c"},
    {file = "immutables-0.12-cp38-cp38-win_amd64.whl", hash = "sha256:5d9e9059e8587ba47af8e110eea962975d90e57c6fb8e09b6bbac18bd4c5d624"},
    {file = "immutables-0.12.tar.gz", hash = "sha256:ac6237425e9fa87e15f5afca3d358ad4c3f222245950ee4041ca1b0f7ec9288a"},
]
importlib-metadata = [
    {file = "importlib_metadata-1.6.0-py2.py3-none-any.whl", hash = "sha256:2a688cbaa90e0cc587f1df48bdc97a6eadccdcd9c35fb3f976a09e3b5016d90f"},
    {file = "importlib_metadata-1.6.0.tar.gz", hash = "sha256:34513a8a0c4962bc66d35b359558fd8a5e10cd472d37aec5f66858addef32c1e"},
]
lmdb = [
    {file = "lmdb-0.98-cp27-cp27m-win32.whl", hash = "sha256:45db7b7da2e0b7122f0a140c9fb99cd6fd4bb734106b3e9390cf7caef0cb48ee"},
    {file = "lmdb-0.98-cp27-cp27m-win_amd64.whl", hash = "sha256:bb48b89aa8d62145758992095b6b7c323815482364b684b8e3318a8a2c64eb16"},
    {file = "lmdb-0.98-cp34-cp34m-win32.whl", hash = "sha256:efec783301d893fc7fe059abf4737a08cfb07a3189f7bbfcce558b2bb9787d25"},
    {file = "lmdb-0.98-cp35-cp35m-win32.whl", hash = "sha256:15aa0ba7d3f17b6842ab1547e1224d9f444529d01e1bf443cc7d3f35445a98f4"},
    {file = "lmdb-0.98-cp35-cp35m-win_amd64.whl", hash = "sha256:00ef17fe432088e979f004aa09d3dc741b998b86f67dde5d35a474b065b33789"},
    {file = "lmdb-0.98-cp36-cp36m-win32.whl", hash = "sha256:11f70bde9f502b2843f9cab12d2d81080e6e5eefe8871c3011be7428802c1bd8"},
    {file = "lmdb-0.98-cp36-cp36m-win_amd64.whl", hash = "sha256:df2ac8fa4047afa38940b3f96db91764deb94fd8d275e639a02e779493724be4"},
    {file = "lmdb-0.98-cp37-cp37m-win32.whl", hash = "sha256:6769750d08619d18e945e5cd16a129cc5fb1ac5a55a9745ed4f8cbebaed0895d"},
    {file = "lmdb-0.98-cp37-cp37m-win_amd64.whl", hash = "sha256:c002faf238ac765df5b18a0bed5a8dbeab36bf4bc2a7253899769ae615fd74df"},
    {file = "lmdb-0.98-py2.7-win-amd64.egg", hash = "sha256:a186308016c26d38858c86a895cbf6a538aeaf5249815646935da7b0fe922758"},
    {file = "lmdb-0.98-py2.7-win32.egg", hash = "sha256:f831ea263a3ebdbc66d5137c6f2e999d1aeaa8ea0d3256cf6cd56cf44f5af1be"},
    {file = "lmdb-0.98-py3.4-win32.egg", hash = "sha256:7c4eb54e25234ea16b46b4baddc4020d63ad5697eb8fe07b18580fa8906bffd6"},
    {file = "lmdb-0.98-py3.5-win-amd64.egg", hash = "sha256:baa501d3c20fb1475c99182ba57de25117c480539b12200b53208da2e7af6a1e"},
    {file = "lmdb-0.98-py3.5-win32.egg", hash = "sha256:2ef48435985687d9e3c248ca9f01fa7ce6716fb6bdcfbca5cba18939ba6a497d"},
    {file = "lmdb-0.98-py3.6-win-amd64.egg", hash = "sha256:d79e352433f64dfe17236cf53bd8c68ebf4789473d6056d1aa73f02266448df9"},
    {file = "lmdb-0.98-py3.6-win32.egg", hash = "sha256:a3428c5ef487c13e5d7305bcbbb978d6a6fe9c23c24974f77162dc2a7d3fc7fd"},
    {file = "lmdb-0.98-py3.7-win-amd64.egg", hash = "sha256:096e89ad61d64db4cececb0c230187eb74438437d367752f57a204b3d2eacd2c"},
    {file = "lmdb-0.98-py3.7-win32.egg", hash = "sha256:444d702430fcacb4d7e0e502e24fa62de05db45074171433a54c013ecf66dabd"},
    {file = "lmdb-0.98.tar.gz", hash = "sha256:0625bc28bf0893e6000a83be7234f915ca078c32f9e73d8ae48b3508db7af708"},
]
loguru = [
    {file = "loguru-0.4.1-py3-none-any.whl", hash = "sha256:074b3caa6748452c1e4f2b302093c94b65d5a4c5a4d7743636b4121e06437b0e"},
    {file = "loguru-0.4.1.tar.gz", hash = "sha256:a6101fd435ac89ba5205a105a26a6ede9e4ddbb4408a6e167852efca47806d11"},
]
mashumaro = [
    {file = "mashumaro-1.12.tar.gz", hash = "sha256:328bd252eeb51959a66c5a465a8ef4877f5ea8ac396af11278ac4bdb06cc49f8"},
]
more-itertools = [
    {file = "more-itertools-8.3.0.tar.gz", hash = "sha256:558bb897a2232f5e4f8e2399089e35aecb746e1f9191b6584a151647e89267be"},
    {file = "more_itertools-8.3.0-py3-none-any.whl", hash = "sha256:7818f596b1e87be009031c7653d01acc46ed422e6656b394b0f765ce66ed4982"},
]
msgpack = [
    {file = "msgpack-1.0.0-cp35-cp35m-manylinux1_i686.whl", hash = "sha256:cec8bf10981ed70998d98431cd814db0ecf3384e6b113366e7f36af71a0fca08"},
    {file = "msgpack-1.0.0-cp35-cp35m-manylinux1_x86_64.whl", hash = "sha256:aa5c057eab4f40ec47ea6f5a9825846be2ff6bf34102c560bad5cad5a677c5be"},
    {file = "msgpack-1.0.0-cp36-cp36m-macosx_10_13_x86_64.whl", hash = "sha256:4233b7f86c1208190c78a525cd3828ca1623359ef48f78a6fea4b91bb995775a"},
    {file = "msgpack-1.0.0-cp36-cp36m-manylinux1_i686.whl", hash = "sha256:b3758dfd3423e358bbb18a7cccd1c74228dffa7a697e5be6cb9535de625c0dbf"},
    {file = "msgpack-1.0.0-cp36-cp36m-manylinux1_x86_64.whl", hash = "sha256:25b3bc3190f3d9d965b818123b7752c5dfb953f0d774b454fd206c18fe384fb8"},
    {file = "msgpack-1.0.0-cp36-cp36m-win32.whl", hash = "sha256:e7bbdd8e2b277b77782f3ce34734b0dfde6cbe94ddb74de8d733d603c7f9e2b1"},
    {file = "msgpack-1.0.0-cp36-cp36m-win_amd64.whl", hash = "sha256:5dba6d074fac9b24f29aaf1d2d032306c27f04187651511257e7831733293ec2"},
    {file = "msgpack-1.0.0-cp37-cp37m-macosx_10_13_x86_64.whl", hash = "sha256:908944e3f038bca67fcfedb7845c4a257c7749bf9818632586b53bcf06ba4b97"},
    {file = "msgpack-1.0.0-cp37-cp37m-manylinux1_i686.whl", hash = "sha256:db685187a415f51d6b937257474ca72199f393dad89534ebbdd7d7a3b000080e"},
    {file = "msgpack-1.0.0-cp37-cp37m-manylinux1_x86_64.whl", hash = "sha256:ea41c9219c597f1d2bf6b374d951d310d58684b5de9dc4bd2976db9e1e22c140"},
    {file = "msgpack-1.0.0-cp37-cp37m-win32.whl", hash = "sha256:e35b051077fc2f3ce12e7c6a34cf309680c63a842db3a0616ea6ed25ad20d272"},
    {file = "msgpack-1.0.0-cp37-cp37m-win_amd64.whl", hash = "sha256:5bea44181fc8e18eed1d0cd76e355073f00ce232ff9653a0ae88cb7d9e643322"},
    {file = "msgpack-1.0.0-cp38-cp38-macosx_10_13_x86_64.whl", hash = "sha256:c901e8058dd6653307906c5f157f26ed09eb94a850dddd989621098d347926ab"},
    {file = "msgpack-1.0.0-cp38-cp38-manylinux1_i686.whl", hash = "sha256:271b489499a43af001a2e42f42d876bb98ccaa7e20512ff37ca78c8e12e68f84"},
    {file = "msgpack-1.0.0-cp38-cp38-manylinux1_x86_64.whl", hash = "sha256:7a22c965588baeb07242cb561b63f309db27a07382825fc98aecaf0827c1538e"},
    {file = "msgpack-1.0.0-cp38-cp38-win32.whl", hash = "sha256:002a0d813e1f7b60da599bdf969e632074f9eec1b96cbed8fb0973a63160a408"},
    {file = "msgpack-1.0.0-cp38-cp38-win_amd64.whl", hash = "sha256:39c54fdebf5fa4dda733369012c59e7d085ebdfe35b6cf648f09d16708f1be5d"},
    {file = "msgpack-1.0.0.tar.gz", hash = "sha256:9534d5cc480d4aff720233411a1f765be90885750b07df772380b34c10ecb5c0"},
]
packaging = [
    {file = "packaging-20.3-py2.py3-none-any.whl", hash = "sha256:82f77b9bee21c1bafbf35a84905d604d5d1223801d639cf3ed140bd651c08752"},
    {file = "packaging-20.3.tar.gz", hash = "sha256:3c292b474fda1671ec57d46d739d072bfd495a4f51ad01a055121d81e952b7a3"},
]
pipfile = [
    {file = "pipfile-0.0.2.tar.gz", hash = "sha256:f7d9f15de8b660986557eb3cc5391aa1a16207ac41bc378d03f414762d36c984"},
]
pluggy = [
    {file = "pluggy-0.13.1-py2.py3-none-any.whl", hash = "sha256:966c145cd83c96502c3c3868f50408687b38434af77734af1e9ca461a4081d2d"},
    {file = "pluggy-0.13.1.tar.gz", hash = "sha256:15b2acde666561e1298d71b523007ed7364de07029219b604cf808bfa1c765b0"},
]
py = [
    {file = "py-1.8.1-py2.py3-none-any.whl", hash = "sha256:c20fdd83a5dbc0af9efd622bee9a5564e278f6380fffcacc43ba6f43db2813b0"},
    {file = "py-1.8.1.tar.gz", hash = "sha256:5e27081401262157467ad6e7f851b7aa402c5852dbcb3dae06768434de5752aa"},
]
pynndb2 = [
    {file = "pynndb2-2.0.7-py3-none-any.whl", hash = "sha256:7eb85cf49a842bc58c7bc3b77a4f6f0041bc09f009baa2bed1797d31be367711"},
    {file = "pynndb2-2.0.7.tar.gz", hash = "sha256:866676aa3ae5dd2b096c663f946b8291d777a4f12e3b64d9e2077f206bc39aa7"},
]
pyparsing = [
    {file = "pyparsing-2.4.7-py2.py3-none-any.whl", hash = "sha256:ef9d7589ef3c200abe66653d3f1ab1033c3c419ae9b9bdb1240a85b024efc88b"},
    {file = "pyparsing-2.4.7.tar.gz", hash = "sha256:c203ec8783bf771a155b207279b9bccb8dea02d8f0c9e5f8ead507bc3246ecc1"},
]
pytest = [
    {file = "pytest-5.4.2-py3-none-any.whl", hash = "sha256:95c710d0a72d91c13fae35dce195633c929c3792f54125919847fdcdf7caa0d3"},
    {file = "pytest-5.4.2.tar.gz", hash = "sha256:eb2b5e935f6a019317e455b6da83dd8650ac9ffd2ee73a7b657a30873d67a698"},
]
python-dateutil = [
    {file = "python-dateutil-2.8.1.tar.gz", hash = "sha256:73ebfe9dbf22e832286dafa60473e4cd239f8592f699aa5adaf10050e6e1823c"},
    {file = "python_dateutil-2.8.1-py2.py3-none-any.whl", hash = "sha256:75bb3f31ea686f1197762692a9ee6a7550b59fc6ca3a1f4b5d7e32fb98e2da2a"},
]
pyyaml = [
    {file = "PyYAML-5.3.1-cp27-cp27m-win32.whl", hash = "sha256:74809a57b329d6cc0fdccee6318f44b9b8649961fa73144a98735b0aaf029f1f"},
    {file = "PyYAML-5.3.1-cp27-cp27m-win_amd64.whl", hash = "sha256:240097ff019d7c70a4922b6869d8a86407758333f02203e0fc6ff79c5dcede76"},
    {file = "PyYAML-5.3.1-cp35-cp35m-win32.whl", hash = "sha256:4f4b913ca1a7319b33cfb1369e91e50354d6f07a135f3b901aca02aa95940bd2"},
    {file = "PyYAML-5.3.1-cp35-cp35m-win_amd64.whl", hash = "sha256:cc8955cfbfc7a115fa81d85284ee61147059a753344bc51098f3ccd69b0d7e0c"},
    {file = "PyYAML-5.3.1-cp36-cp36m-win32.whl", hash = "sha256:7739fc0fa8205b3ee8808aea45e968bc90082c10aef6ea95e855e10abf4a37b2"},
    {file = "PyYAML-5.3.1-cp36-cp36m-win_amd64.whl", hash = "sha256:69f00dca373f240f842b2931fb2c7e14ddbacd1397d57157a9b005a6a9942648"},
    {file = "PyYAML-5.3.1-cp37-cp37m-win32.whl", hash = "sha256:d13155f591e6fcc1ec3b30685d50bf0711574e2c0dfffd7644babf8b5102ca1a"},
    {file = "PyYAML-5.3.1-cp37-cp37m-win_amd64.whl", hash = "sha256:73f099454b799e05e5ab51423c7bcf361c58d3206fa7b0d555426b1f4d9a3eaf"},
    {file = "PyYAML-5.3.1-cp38-cp38-win32.whl", hash = "sha256:06a0d7ba600ce0b2d2fe2e78453a470b5a6e000a985dd4a4e54e436cc36b0e97"},
    {file = "PyYAML-5.3.1-cp38-cp38-win_amd64.whl", hash = "sha256:95f71d2af0ff4227885f7a6605c37fd53d3a106fcab511b8860ecca9fcf400ee"},
    {file = "PyYAML-5.3.1.tar.gz", hash = "sha256:b8eac752c5e14d3eca0e6dd9199cd627518cb5ec06add0de9d32baeee6fe645d"},
]
pyzmq = [
    {file = "pyzmq-19.0.1-cp27-cp27m-macosx_10_9_intel.whl", hash = "sha256:58688a2dfa044fad608a8e70ba8d019d0b872ec2acd75b7b5e37da8905605891"},
    {file = "pyzmq-19.0.1-cp27-cp27m-win32.whl", hash = "sha256:87c78f6936e2654397ca2979c1d323ee4a889eef536cc77a938c6b5be33351a7"},
    {file = "pyzmq-19.0.1-cp27-cp27m-win_amd64.whl", hash = "sha256:97b6255ae77328d0e80593681826a0479cb7bac0ba8251b4dd882f5145a2293a"},
    {file = "pyzmq-19.0.1-cp27-cp27mu-manylinux1_i686.whl", hash = "sha256:15b4cb21118f4589c4db8be4ac12b21c8b4d0d42b3ee435d47f686c32fe2e91f"},
    {file = "pyzmq-19.0.1-cp27-cp27mu-manylinux1_x86_64.whl", hash = "sha256:931339ac2000d12fe212e64f98ce291e81a7ec6c73b125f17cf08415b753c087"},
    {file = "pyzmq-19.0.1-cp35-cp35m-macosx_10_9_intel.whl", hash = "sha256:2a88b8fabd9cc35bd59194a7723f3122166811ece8b74018147a4ed8489e6421"},
    {file = "pyzmq-19.0.1-cp35-cp35m-manylinux1_i686.whl", hash = "sha256:bafd651b557dd81d89bd5f9c678872f3e7b7255c1c751b78d520df2caac80230"},
    {file = "pyzmq-19.0.1-cp35-cp35m-manylinux1_x86_64.whl", hash = "sha256:8952f6ba6ae598e792703f3134af5a01af8f5c7cf07e9a148f05a12b02412cea"},
    {file = "pyzmq-19.0.1-cp35-cp35m-win32.whl", hash = "sha256:54aa24fd60c4262286fc64ca632f9e747c7cc3a3a1144827490e1dc9b8a3a960"},
    {file = "pyzmq-19.0.1-cp35-cp35m-win_amd64.whl", hash = "sha256:dcbc3f30c11c60d709c30a213dc56e88ac016fe76ac6768e64717bd976072566"},
    {file = "pyzmq-19.0.1-cp36-cp36m-macosx_10_9_intel.whl", hash = "sha256:6ca519309703e95d55965735a667809bbb65f52beda2fdb6312385d3e7a6d234"},
    {file = "pyzmq-19.0.1-cp36-cp36m-manylinux1_i686.whl", hash = "sha256:4ee0bfd82077a3ff11c985369529b12853a4064320523f8e5079b630f9551448"},
    {file = "pyzmq-19.0.1-cp36-cp36m-manylinux1_x86_64.whl", hash = "sha256:ba6f24431b569aec674ede49cad197cad59571c12deed6ad8e3c596da8288217"},
    {file = "pyzmq-19.0.1-cp36-cp36m-win32.whl", hash = "sha256:956775444d01331c7eb412c5fb9bb62130dfaac77e09f32764ea1865234e2ca9"},
    {file = "pyzmq-19.0.1-cp36-cp36m-win_amd64.whl", hash = "sha256:b08780e3a55215873b3b8e6e7ca8987f14c902a24b6ac081b344fd430d6ca7cd"},
    {file = "pyzmq-19.0.1-cp37-cp37m-macosx_10_9_x86_64.whl", hash = "sha256:21f7d91f3536f480cb2c10d0756bfa717927090b7fb863e6323f766e5461ee1c"},
    {file = "pyzmq-19.0.1-cp37-cp37m-manylinux1_i686.whl", hash = "sha256:bfff5ffff051f5aa47ba3b379d87bd051c3196b0c8a603e8b7ed68a6b4f217ec"},
    {file = "pyzmq-19.0.1-cp37-cp37m-manylinux1_x86_64.whl", hash = "sha256:07fb8fe6826a229dada876956590135871de60dbc7de5a18c3bcce2ed1f03c98"},
    {file = "pyzmq-19.0.1-cp37-cp37m-win32.whl", hash = "sha256:342fb8a1dddc569bc361387782e8088071593e7eaf3e3ecf7d6bd4976edff112"},
    {file = "pyzmq-19.0.1-cp37-cp37m-win_amd64.whl", hash = "sha256:faee2604f279d31312bc455f3d024f160b6168b9c1dde22bf62d8c88a4deca8e"},
    {file = "pyzmq-19.0.1-cp38-cp38-macosx_10_9_x86_64.whl", hash = "sha256:5b9d21fc56c8aacd2e6d14738021a9d64f3f69b30578a99325a728e38a349f85"},
    {file = "pyzmq-19.0.1-cp38-cp38-manylinux1_i686.whl", hash = "sha256:af0c02cf49f4f9eedf38edb4f3b6bb621d83026e7e5d76eb5526cc5333782fd6"},
    {file = "pyzmq-19.0.1-cp38-cp38-manylinux1_x86_64.whl", hash = "sha256:5f1f2eb22aab606f808163eb1d537ac9a0ba4283fbeb7a62eb48d9103cf015c2"},
    {file = "pyzmq-19.0.1-cp38-cp38-win32.whl", hash = "sha256:f9d7e742fb0196992477415bb34366c12e9bb9a0699b8b3f221ff93b213d7bec"},
    {file = "pyzmq-19.0.1-cp38-cp38-win_amd64.whl", hash = "sha256:5b99c2ae8089ef50223c28bac57510c163bfdff158c9e90764f812b94e69a0e6"},
    {file = "pyzmq-19.0.1-pp27-pypy_73-macosx_10_9_x86_64.whl", hash = "sha256:cf5d689ba9513b9753959164cf500079383bc18859f58bf8ce06d8d4bef2b054"},
    {file = "pyzmq-19.0.1-pp36-pypy36_pp73-macosx_10_9_x86_64.whl", hash = "sha256:aaa8b40b676576fd7806839a5de8e6d5d1b74981e6376d862af6c117af2a3c10"},
    {file = "pyzmq-19.0.1.tar.gz", hash = "sha256:13a5638ab24d628a6ade8f794195e1a1acd573496c3b85af2f1183603b7bf5e0"},
]
six = [
    {file = "six-1.14.0-py2.py3-none-any.whl", hash = "sha256:8f3cd2e254d8f793e7f3d6d9df77b92252b52637291d0f0da013c76ea2724b6c"},
    {file = "six-1.14.0.tar.gz", hash = "sha256:236bdbdce46e6e6a3d61a337c0f8b763ca1e8717c03b369e87a7ec7ce1319c0a"},
]
stackprinter = [
    {file = "stackprinter-0.2.3-py3-none-any.whl", hash = "sha256:a21590e1c8fc4aad1e97e89df2bcf86dcaf55f47b1bbb4dfd209361d28fd9d68"},
    {file = "stackprinter-0.2.3.tar.gz", hash = "sha256:8d050d86f98d1a054da125733c998fed6020c1e078628d616c75701496ebd0b8"},
]
toml = [
    {file = "toml-0.10.0-py2.7.egg", hash = "sha256:f1db651f9657708513243e61e6cc67d101a39bad662eaa9b5546f789338e07a3"},
    {file = "toml-0.10.0-py2.py3-none-any.whl", hash = "sha256:235682dd292d5899d361a811df37e04a8828a5b1da3115886b73cf81ebc9100e"},
    {file = "toml-0.10.0.tar.gz", hash = "sha256:229f81c57791a41d65e399fc06bf0848bab550a9dfd5ed66df18ce5f05e73d5c"},
]
tqdm = [
    {file = "tqdm-4.46.0-py2.py3-none-any.whl", hash = "sha256:acdafb20f51637ca3954150d0405ff1a7edde0ff19e38fb99a80a66210d2a28f"},
    {file = "tqdm-4.46.0.tar.gz", hash = "sha256:4733c4a10d0f2a4d098d801464bdaf5240c7dadd2a7fde4ee93b0a0efd9fb25e"},
]
typer = [
    {file = "typer-0.2.1-py3-none-any.whl", hash = "sha256:9b66756dfcc9e9f829a33f9019757225af0c8e87e1e692f103556335d5ae3b25"},
    {file = "typer-0.2.1.tar.gz", hash = "sha256:a8c49418f20c1d1b04a34424dded86cebf1f87042a8e448c6faa63cf38b9c0af"},
]
ujson = [
    {file = "ujson-2.0.3-cp27-cp27m-manylinux1_x86_64.whl", hash = "sha256:7ae13733d9467d16ccac2f38212cdee841b49ae927085c533425be9076b0bc9d"},
    {file = "ujson-2.0.3-cp27-cp27mu-manylinux1_x86_64.whl", hash = "sha256:6217c63a36e9b26e9271e686d212397ce7fb04c07d85509dd4e2ed73493320f8"},
    {file = "ujson-2.0.3-cp35-cp35m-manylinux1_x86_64.whl", hash = "sha256:c8369ef49169804944e920c427e350182e33756422b69989c55608fc28bebf98"},
    {file = "ujson-2.0.3-cp36-cp36m-manylinux1_x86_64.whl", hash = "sha256:0c23f21e8d2b60efab57bc6ce9d1fb7c4e96f4bfefbf5a6043a3f3309e2a738a"},
    {file = "ujson-2.0.3-cp37-cp37m-manylinux1_x86_64.whl", hash = "sha256:3d1f4705a4ec1e48ff383a4d92299d8ec25e9a8158bcea619912440948117634"},
    {file = "ujson-2.0.3-cp38-cp38-manylinux1_x86_64.whl", hash = "sha256:2ab88e330405315512afe9276f29a60e9b3439187b273665630a57ed7fe1d936"},
    {file = "ujson-2.0.3.tar.gz", hash = "sha256:bd2deffc983827510e5145fb66e4cc0f577480c62fe0b4882139f8f7d27ae9a3"},
]
wcwidth = [
    {file = "wcwidth-0.1.9-py2.py3-none-any.whl", hash = "sha256:cafe2186b3c009a04067022ce1dcd79cb38d8d65ee4f4791b8888d6599d1bbe1"},
    {file = "wcwidth-0.1.9.tar.gz", hash = "sha256:ee73862862a156bf77ff92b09034fc4825dd3af9cf81bc5b360668d425f3c5f1"},
]
win32-setctime = [
    {file = "win32_setctime-1.0.1-py3-none-any.whl", hash = "sha256:568fd636c68350bcc54755213fe01966fe0a6c90b386c0776425944a0382abef"},
    {file = "win32_setctime-1.0.1.tar.gz", hash = "sha256:b47e5023ec7f0b4962950902b15bc56464a380d869f59d27dbf9ab423b23e8f9"},
]
zipp = [
    {file = "zipp-3.1.0-py3-none-any.whl", hash = "sha256:aa36550ff0c0b7ef7fa639055d797116ee891440eac1a56f378e2d3179e0320b"},
    {file = "zipp-3.1.0.tar.gz", hash = "sha256:c599e4d75c98f6798c509911d08a22e6c021d074469042177c8c86fb92eefd96"},
]
