[[package]]
category = "main"
description = "Asyncio support for PEP-567 contextvars backport."
marker = "python_version < \"3.7\""
name = "aiocontextvars"
optional = false
python-versions = ">=3.5"
version = "0.2.2"

[package.dependencies]
[package.dependencies.contextvars]
python = "<3.7"
version = "2.4"

[[package]]
category = "main"
description = "A small Python module for determining appropriate platform-specific dirs, e.g. a \"user data dir\"."
name = "appdirs"
optional = false
python-versions = "*"
version = "1.4.3"

[[package]]
category = "main"
description = "BSON codec for Python"
name = "bson"
optional = false
python-versions = "*"
version = "0.5.9"

[package.dependencies]
python-dateutil = ">=2.4.0"
six = ">=1.9.0"

[[package]]
category = "main"
description = "Python package for providing Mozilla's CA Bundle."
name = "certifi"
optional = false
python-versions = "*"
version = "2020.4.5.1"

[[package]]
category = "main"
description = "Composable command line interface toolkit"
name = "click"
optional = false
python-versions = ">=2.7, !=3.0.*, !=3.1.*, !=3.2.*, !=3.3.*, !=3.4.*"
version = "7.1.2"

[[package]]
category = "main"
description = "Cross-platform colored terminal text."
marker = "sys_platform == \"win32\""
name = "colorama"
optional = false
python-versions = ">=2.7, !=3.0.*, !=3.1.*, !=3.2.*, !=3.3.*, !=3.4.*"
version = "0.4.3"

[[package]]
category = "main"
description = "PEP 567 Backport"
marker = "python_version < \"3.7\""
name = "contextvars"
optional = false
python-versions = "*"
version = "2.4"

[package.dependencies]
immutables = ">=0.9"

[[package]]
category = "main"
description = "Distribution utilities"
name = "distlib"
optional = false
python-versions = "*"
version = "0.3.0"

[[package]]
category = "main"
description = "A platform independent file lock."
name = "filelock"
optional = false
python-versions = "*"
version = "3.0.12"

[[package]]
category = "main"
description = "Immutable Collections"
marker = "python_version < \"3.7\""
name = "immutables"
optional = false
python-versions = "*"
version = "0.12"

[[package]]
category = "main"
description = "Read metadata from Python packages"
marker = "python_version < \"3.8\""
name = "importlib-metadata"
optional = false
python-versions = "!=3.0.*,!=3.1.*,!=3.2.*,!=3.3.*,!=3.4.*,>=2.7"
version = "1.6.0"

[package.dependencies]
zipp = ">=0.5"

[package.extras]
docs = ["sphinx", "rst.linker"]
testing = ["packaging", "importlib-resources"]

[[package]]
category = "main"
description = "Read resources from Python packages"
marker = "python_version < \"3.7\""
name = "importlib-resources"
optional = false
python-versions = "!=3.0.*,!=3.1.*,!=3.2.*,!=3.3.*,!=3.4.*,>=2.7"
version = "1.5.0"

[package.dependencies]
[package.dependencies.importlib-metadata]
python = "<3.8"
version = "*"

[package.dependencies.zipp]
python = "<3.8"
version = ">=0.4"

[package.extras]
docs = ["sphinx", "rst.linker", "jaraco.packaging"]

[[package]]
category = "main"
description = "Universal Python binding for the LMDB 'Lightning' Database"
name = "lmdb"
optional = false
python-versions = "*"
version = "0.98"

[[package]]
category = "main"
description = "Python logging made (stupidly) simple"
name = "loguru"
optional = false
python-versions = ">=3.5"
version = "0.4.1"

[package.dependencies]
colorama = ">=0.3.4"
win32-setctime = ">=1.0.0"

[package.dependencies.aiocontextvars]
python = "<3.7"
version = ">=0.2.0"

[package.extras]
dev = ["codecov (>=2.0.15)", "colorama (>=0.3.4)", "flake8 (>=3.7.7)", "isort (>=4.3.20)", "tox (>=3.9.0)", "tox-travis (>=0.12)", "pytest (>=4.6.2)", "pytest-cov (>=2.7.1)", "Sphinx (>=2.2.1)", "sphinx-autobuild (>=0.7.1)", "sphinx-rtd-theme (>=0.4.3)", "black (>=19.3b0)"]

[[package]]
category = "main"
description = "Python Development Workflow for Humans."
name = "pipenv"
optional = false
python-versions = ">=2.7,!=3.0.*,!=3.1.*,!=3.2.*,!=3.3.*"
version = "2018.11.26"

[package.dependencies]
certifi = "*"
pip = ">=9.0.1"
setuptools = ">=36.2.1"
virtualenv = "*"
virtualenv-clone = ">=0.2.5"

[[package]]
category = "main"
description = ""
name = "pipfile"
optional = false
python-versions = "*"
version = "0.0.2"

[package.dependencies]
toml = "*"

[[package]]
category = "main"
description = "Database library for Python based on LMDB storage engine"
name = "pynndb"
optional = false
python-versions = "*"
version = "1.1.5"

[package.dependencies]
Pipfile = "*"
bson = "*"
lmdb = "*"
pipenv = "*"
ujson = "*"

[[package]]
category = "main"
description = "Extensions to the standard Python datetime module"
name = "python-dateutil"
optional = false
python-versions = "!=3.0.*,!=3.1.*,!=3.2.*,>=2.7"
version = "2.8.1"

[package.dependencies]
six = ">=1.5"

[[package]]
category = "main"
description = "Python 2 and 3 compatibility utilities"
name = "six"
optional = false
python-versions = ">=2.7, !=3.0.*, !=3.1.*, !=3.2.*"
version = "1.14.0"

[[package]]
category = "dev"
description = "Debug-friendly stack traces, with variable values and semantic highlighting"
name = "stackprinter"
optional = false
python-versions = ">=3.4"
version = "0.2.3"

[[package]]
category = "main"
description = "Python Library for Tom's Obvious, Minimal Language"
name = "toml"
optional = false
python-versions = "*"
version = "0.10.0"

[[package]]
category = "main"
description = "Fast, Extensible Progress Meter"
name = "tqdm"
optional = false
python-versions = ">=2.6, !=3.0.*, !=3.1.*"
version = "4.46.0"

[package.extras]
dev = ["py-make (>=0.1.0)", "twine", "argopt", "pydoc-markdown"]

[[package]]
category = "main"
description = "Typer, build great CLIs. Easy to code. Based on Python type hints."
name = "typer"
optional = false
python-versions = ">=3.6"
version = "0.2.1"

[package.dependencies]
click = ">=7.1.1,<7.2.0"

[package.extras]
all = ["colorama", "shellingham"]
dev = ["autoflake", "flake8"]
doc = ["mkdocs", "mkdocs-material", "markdown-include"]
test = ["shellingham", "pytest (>=4.4.0,<5.4)", "pytest-cov", "coverage", "pytest-xdist", "pytest-sugar", "mypy", "black", "isort"]

[[package]]
category = "main"
description = "Ultra fast JSON encoder and decoder for Python"
name = "ujson"
optional = false
python-versions = ">=2.7, !=3.0.*, !=3.1.*, !=3.2.*, !=3.3.*, !=3.4.*"
version = "2.0.3"

[[package]]
category = "main"
description = "Virtual Python Environment builder"
name = "virtualenv"
optional = false
python-versions = "!=3.0.*,!=3.1.*,!=3.2.*,!=3.3.*,>=2.7"
version = "20.0.20"

[package.dependencies]
appdirs = ">=1.4.3,<2"
distlib = ">=0.3.0,<1"
filelock = ">=3.0.0,<4"
six = ">=1.9.0,<2"

[package.dependencies.importlib-metadata]
python = "<3.8"
version = ">=0.12,<2"

[package.dependencies.importlib-resources]
python = "<3.7"
version = ">=1.0,<2"

[package.extras]
docs = ["sphinx (>=3)", "sphinx-argparse (>=0.2.5)", "sphinx-rtd-theme (>=0.4.3)", "towncrier (>=19.9.0rc1)", "proselint (>=0.10.2)"]
testing = ["pytest (>=4)", "coverage (>=5)", "coverage-enable-subprocess (>=1)", "pytest-xdist (>=1.31.0)", "pytest-mock (>=2)", "pytest-env (>=0.6.2)", "pytest-randomly (>=1)", "pytest-timeout", "packaging (>=20.0)", "xonsh (>=0.9.16)"]

[[package]]
category = "main"
description = "script to clone virtualenvs."
name = "virtualenv-clone"
optional = false
python-versions = ">=2.7, !=3.0.*, !=3.1.*, !=3.2.*, !=3.3.*"
version = "0.5.4"

[[package]]
category = "main"
description = "A small Python utility to set file creation time on Windows"
marker = "sys_platform == \"win32\""
name = "win32-setctime"
optional = false
python-versions = ">=3.5"
version = "1.0.1"

[package.extras]
dev = ["pytest (>=4.6.2)", "black (>=19.3b0)"]

[[package]]
category = "main"
description = "Backport of pathlib-compatible object wrapper for zip files"
marker = "python_version < \"3.8\""
name = "zipp"
optional = false
python-versions = ">=3.6"
version = "3.1.0"

[package.extras]
docs = ["sphinx", "jaraco.packaging (>=3.2)", "rst.linker (>=1.9)"]
testing = ["jaraco.itertools", "func-timeout"]

[metadata]
content-hash = "dcbd9e29f86da57165b470ca86ca6283e7041781e82037440aa0cd8f9e2e93a9"
python-versions = "^3.6"

[metadata.files]
aiocontextvars = [
    {file = "aiocontextvars-0.2.2-py2.py3-none-any.whl", hash = "sha256:885daf8261818767d8f7cbd79f9d4482d118f024b6586ef6e67980236a27bfa3"},
    {file = "aiocontextvars-0.2.2.tar.gz", hash = "sha256:f027372dc48641f683c559f247bd84962becaacdc9ba711d583c3871fb5652aa"},
]
appdirs = [
    {file = "appdirs-1.4.3-py2.py3-none-any.whl", hash = "sha256:d8b24664561d0d34ddfaec54636d502d7cea6e29c3eaf68f3df6180863e2166e"},
    {file = "appdirs-1.4.3.tar.gz", hash = "sha256:9e5896d1372858f8dd3344faf4e5014d21849c756c8d5701f78f8a103b372d92"},
]
bson = [
    {file = "bson-0.5.9.tar.gz", hash = "sha256:84a06dd1fa350d5814d9845abad982e8ac4c9768c4f41afeaa5fdb6d58570158"},
]
certifi = [
    {file = "certifi-2020.4.5.1-py2.py3-none-any.whl", hash = "sha256:1d987a998c75633c40847cc966fcf5904906c920a7f17ef374f5aa4282abd304"},
    {file = "certifi-2020.4.5.1.tar.gz", hash = "sha256:51fcb31174be6e6664c5f69e3e1691a2d72a1a12e90f872cbdb1567eb47b6519"},
]
click = [
    {file = "click-7.1.2-py2.py3-none-any.whl", hash = "sha256:dacca89f4bfadd5de3d7489b7c8a566eee0d3676333fbb50030263894c38c0dc"},
    {file = "click-7.1.2.tar.gz", hash = "sha256:d2b5255c7c6349bc1bd1e59e08cd12acbbd63ce649f2588755783aa94dfb6b1a"},
]
colorama = [
    {file = "colorama-0.4.3-py2.py3-none-any.whl", hash = "sha256:7d73d2a99753107a36ac6b455ee49046802e59d9d076ef8e47b61499fa29afff"},
    {file = "colorama-0.4.3.tar.gz", hash = "sha256:e96da0d330793e2cb9485e9ddfd918d456036c7149416295932478192f4436a1"},
]
contextvars = [
    {file = "contextvars-2.4.tar.gz", hash = "sha256:f38c908aaa59c14335eeea12abea5f443646216c4e29380d7bf34d2018e2c39e"},
]
distlib = [
    {file = "distlib-0.3.0.zip", hash = "sha256:2e166e231a26b36d6dfe35a48c4464346620f8645ed0ace01ee31822b288de21"},
]
filelock = [
    {file = "filelock-3.0.12-py3-none-any.whl", hash = "sha256:929b7d63ec5b7d6b71b0fa5ac14e030b3f70b75747cef1b10da9b879fef15836"},
    {file = "filelock-3.0.12.tar.gz", hash = "sha256:18d82244ee114f543149c66a6e0c14e9c4f8a1044b5cdaadd0f82159d6a6ff59"},
]
immutables = [
    {file = "immutables-0.12-cp35-cp35m-macosx_10_13_x86_64.whl", hash = "sha256:e6708f708baa6b21b400d9c637e51d827a58f34d200bb0a81f697b7ee25115a8"},
    {file = "immutables-0.12-cp35-cp35m-manylinux1_x86_64.whl", hash = "sha256:3cf3b047e99ad7d30b0dc0f35bd2318220cb950d61d299faccf7d91982f240c6"},
    {file = "immutables-0.12-cp36-cp36m-macosx_10_13_x86_64.whl", hash = "sha256:901479aa842837550d04486adc26096089aba2d78cb4c62179d8397434b3a2a2"},
    {file = "immutables-0.12-cp36-cp36m-manylinux1_x86_64.whl", hash = "sha256:2ab6887146dd1a1eba32de23929d41b4e10761923846ee90500d3cf78de7b26f"},
    {file = "immutables-0.12-cp36-cp36m-win_amd64.whl", hash = "sha256:a294c5c04a3a8adf324c26d842d2baf199cc50d9abe9e63200d8f3400f26543b"},
    {file = "immutables-0.12-cp37-cp37m-macosx_10_13_x86_64.whl", hash = "sha256:30726e341c067dc62bee6de4513189a82090fda18192629b458ecec6e596d2a5"},
    {file = "immutables-0.12-cp37-cp37m-manylinux1_x86_64.whl", hash = "sha256:19b643fb078b45bb5669786140427acbbbd21c3312c44a6297718ca97bf00c38"},
    {file = "immutables-0.12-cp37-cp37m-win_amd64.whl", hash = "sha256:f75e7a65be68eb71f818a13a7a9728d26f4e19f7ea865b78d300b635ffadcbc1"},
    {file = "immutables-0.12-cp38-cp38-macosx_10_13_x86_64.whl", hash = "sha256:d1ee0e401e52a3d9c121e4e68e1f6548c9fab44e8f8eda0cafe29478213924a8"},
    {file = "immutables-0.12-cp38-cp38-manylinux1_x86_64.whl", hash = "sha256:3cd38a96455000c481f94b7fb28fe4971dc4250c7dd34c0c8da53011d0efbb1c"},
    {file = "immutables-0.12-cp38-cp38-win_amd64.whl", hash = "sha256:5d9e9059e8587ba47af8e110eea962975d90e57c6fb8e09b6bbac18bd4c5d624"},
    {file = "immutables-0.12.tar.gz", hash = "sha256:ac6237425e9fa87e15f5afca3d358ad4c3f222245950ee4041ca1b0f7ec9288a"},
]
importlib-metadata = [
    {file = "importlib_metadata-1.6.0-py2.py3-none-any.whl", hash = "sha256:2a688cbaa90e0cc587f1df48bdc97a6eadccdcd9c35fb3f976a09e3b5016d90f"},
    {file = "importlib_metadata-1.6.0.tar.gz", hash = "sha256:34513a8a0c4962bc66d35b359558fd8a5e10cd472d37aec5f66858addef32c1e"},
]
importlib-resources = [
    {file = "importlib_resources-1.5.0-py2.py3-none-any.whl", hash = "sha256:85dc0b9b325ff78c8bef2e4ff42616094e16b98ebd5e3b50fe7e2f0bbcdcde49"},
    {file = "importlib_resources-1.5.0.tar.gz", hash = "sha256:6f87df66833e1942667108628ec48900e02a4ab4ad850e25fbf07cb17cf734ca"},
]
lmdb = [
    {file = "lmdb-0.98-cp27-cp27m-win32.whl", hash = "sha256:45db7b7da2e0b7122f0a140c9fb99cd6fd4bb734106b3e9390cf7caef0cb48ee"},
    {file = "lmdb-0.98-cp27-cp27m-win_amd64.whl", hash = "sha256:bb48b89aa8d62145758992095b6b7c323815482364b684b8e3318a8a2c64eb16"},
    {file = "lmdb-0.98-cp34-cp34m-win32.whl", hash = "sha256:efec783301d893fc7fe059abf4737a08cfb07a3189f7bbfcce558b2bb9787d25"},
    {file = "lmdb-0.98-cp35-cp35m-win32.whl", hash = "sha256:15aa0ba7d3f17b6842ab1547e1224d9f444529d01e1bf443cc7d3f35445a98f4"},
    {file = "lmdb-0.98-cp35-cp35m-win_amd64.whl", hash = "sha256:00ef17fe432088e979f004aa09d3dc741b998b86f67dde5d35a474b065b33789"},
    {file = "lmdb-0.98-cp36-cp36m-win32.whl", hash = "sha256:11f70bde9f502b2843f9cab12d2d81080e6e5eefe8871c3011be7428802c1bd8"},
    {file = "lmdb-0.98-cp36-cp36m-win_amd64.whl", hash = "sha256:df2ac8fa4047afa38940b3f96db91764deb94fd8d275e639a02e779493724be4"},
    {file = "lmdb-0.98-cp37-cp37m-win32.whl", hash = "sha256:6769750d08619d18e945e5cd16a129cc5fb1ac5a55a9745ed4f8cbebaed0895d"},
    {file = "lmdb-0.98-cp37-cp37m-win_amd64.whl", hash = "sha256:c002faf238ac765df5b18a0bed5a8dbeab36bf4bc2a7253899769ae615fd74df"},
    {file = "lmdb-0.98-py2.7-win-amd64.egg", hash = "sha256:a186308016c26d38858c86a895cbf6a538aeaf5249815646935da7b0fe922758"},
    {file = "lmdb-0.98-py2.7-win32.egg", hash = "sha256:f831ea263a3ebdbc66d5137c6f2e999d1aeaa8ea0d3256cf6cd56cf44f5af1be"},
    {file = "lmdb-0.98-py3.4-win32.egg", hash = "sha256:7c4eb54e25234ea16b46b4baddc4020d63ad5697eb8fe07b18580fa8906bffd6"},
    {file = "lmdb-0.98-py3.5-win-amd64.egg", hash = "sha256:baa501d3c20fb1475c99182ba57de25117c480539b12200b53208da2e7af6a1e"},
    {file = "lmdb-0.98-py3.5-win32.egg", hash = "sha256:2ef48435985687d9e3c248ca9f01fa7ce6716fb6bdcfbca5cba18939ba6a497d"},
    {file = "lmdb-0.98-py3.6-win-amd64.egg", hash = "sha256:d79e352433f64dfe17236cf53bd8c68ebf4789473d6056d1aa73f02266448df9"},
    {file = "lmdb-0.98-py3.6-win32.egg", hash = "sha256:a3428c5ef487c13e5d7305bcbbb978d6a6fe9c23c24974f77162dc2a7d3fc7fd"},
    {file = "lmdb-0.98-py3.7-win-amd64.egg", hash = "sha256:096e89ad61d64db4cececb0c230187eb74438437d367752f57a204b3d2eacd2c"},
    {file = "lmdb-0.98-py3.7-win32.egg", hash = "sha256:444d702430fcacb4d7e0e502e24fa62de05db45074171433a54c013ecf66dabd"},
    {file = "lmdb-0.98.tar.gz", hash = "sha256:0625bc28bf0893e6000a83be7234f915ca078c32f9e73d8ae48b3508db7af708"},
]
loguru = [
    {file = "loguru-0.4.1-py3-none-any.whl", hash = "sha256:074b3caa6748452c1e4f2b302093c94b65d5a4c5a4d7743636b4121e06437b0e"},
    {file = "loguru-0.4.1.tar.gz", hash = "sha256:a6101fd435ac89ba5205a105a26a6ede9e4ddbb4408a6e167852efca47806d11"},
]
pipenv = [
    {file = "pipenv-2018.11.26-py2-none-any.whl", hash = "sha256:7df8e33a2387de6f537836f48ac6fcd94eda6ed9ba3d5e3fd52e35b5bc7ff49e"},
    {file = "pipenv-2018.11.26-py3-none-any.whl", hash = "sha256:56ad5f5cb48f1e58878e14525a6e3129d4306049cb76d2f6a3e95df0d5fc6330"},
    {file = "pipenv-2018.11.26.tar.gz", hash = "sha256:a673e606e8452185e9817a987572b55360f4d28b50831ef3b42ac3cab3fee846"},
]
pipfile = [
    {file = "pipfile-0.0.2.tar.gz", hash = "sha256:f7d9f15de8b660986557eb3cc5391aa1a16207ac41bc378d03f414762d36c984"},
]
pynndb = [
    {file = "pynndb-1.1.5.tar.gz", hash = "sha256:d93daa0de0b72b6ab73f74f9f5b75a4a35a75676f01cab70aaf516d6df5cffe8"},
]
python-dateutil = [
    {file = "python-dateutil-2.8.1.tar.gz", hash = "sha256:73ebfe9dbf22e832286dafa60473e4cd239f8592f699aa5adaf10050e6e1823c"},
    {file = "python_dateutil-2.8.1-py2.py3-none-any.whl", hash = "sha256:75bb3f31ea686f1197762692a9ee6a7550b59fc6ca3a1f4b5d7e32fb98e2da2a"},
]
six = [
    {file = "six-1.14.0-py2.py3-none-any.whl", hash = "sha256:8f3cd2e254d8f793e7f3d6d9df77b92252b52637291d0f0da013c76ea2724b6c"},
    {file = "six-1.14.0.tar.gz", hash = "sha256:236bdbdce46e6e6a3d61a337c0f8b763ca1e8717c03b369e87a7ec7ce1319c0a"},
]
stackprinter = [
    {file = "stackprinter-0.2.3-py3-none-any.whl", hash = "sha256:a21590e1c8fc4aad1e97e89df2bcf86dcaf55f47b1bbb4dfd209361d28fd9d68"},
    {file = "stackprinter-0.2.3.tar.gz", hash = "sha256:8d050d86f98d1a054da125733c998fed6020c1e078628d616c75701496ebd0b8"},
]
toml = [
    {file = "toml-0.10.0-py2.7.egg", hash = "sha256:f1db651f9657708513243e61e6cc67d101a39bad662eaa9b5546f789338e07a3"},
    {file = "toml-0.10.0-py2.py3-none-any.whl", hash = "sha256:235682dd292d5899d361a811df37e04a8828a5b1da3115886b73cf81ebc9100e"},
    {file = "toml-0.10.0.tar.gz", hash = "sha256:229f81c57791a41d65e399fc06bf0848bab550a9dfd5ed66df18ce5f05e73d5c"},
]
tqdm = [
    {file = "tqdm-4.46.0-py2.py3-none-any.whl", hash = "sha256:acdafb20f51637ca3954150d0405ff1a7edde0ff19e38fb99a80a66210d2a28f"},
    {file = "tqdm-4.46.0.tar.gz", hash = "sha256:4733c4a10d0f2a4d098d801464bdaf5240c7dadd2a7fde4ee93b0a0efd9fb25e"},
]
typer = [
    {file = "typer-0.2.1-py3-none-any.whl", hash = "sha256:9b66756dfcc9e9f829a33f9019757225af0c8e87e1e692f103556335d5ae3b25"},
    {file = "typer-0.2.1.tar.gz", hash = "sha256:a8c49418f20c1d1b04a34424dded86cebf1f87042a8e448c6faa63cf38b9c0af"},
]
ujson = [
    {file = "ujson-2.0.3-cp27-cp27m-manylinux1_x86_64.whl", hash = "sha256:7ae13733d9467d16ccac2f38212cdee841b49ae927085c533425be9076b0bc9d"},
    {file = "ujson-2.0.3-cp27-cp27mu-manylinux1_x86_64.whl", hash = "sha256:6217c63a36e9b26e9271e686d212397ce7fb04c07d85509dd4e2ed73493320f8"},
    {file = "ujson-2.0.3-cp35-cp35m-manylinux1_x86_64.whl", hash = "sha256:c8369ef49169804944e920c427e350182e33756422b69989c55608fc28bebf98"},
    {file = "ujson-2.0.3-cp36-cp36m-manylinux1_x86_64.whl", hash = "sha256:0c23f21e8d2b60efab57bc6ce9d1fb7c4e96f4bfefbf5a6043a3f3309e2a738a"},
    {file = "ujson-2.0.3-cp37-cp37m-manylinux1_x86_64.whl", hash = "sha256:3d1f4705a4ec1e48ff383a4d92299d8ec25e9a8158bcea619912440948117634"},
    {file = "ujson-2.0.3-cp38-cp38-manylinux1_x86_64.whl", hash = "sha256:2ab88e330405315512afe9276f29a60e9b3439187b273665630a57ed7fe1d936"},
    {file = "ujson-2.0.3.tar.gz", hash = "sha256:bd2deffc983827510e5145fb66e4cc0f577480c62fe0b4882139f8f7d27ae9a3"},
]
virtualenv = [
    {file = "virtualenv-20.0.20-py2.py3-none-any.whl", hash = "sha256:b4c14d4d73a0c23db267095383c4276ef60e161f94fde0427f2f21a0132dde74"},
    {file = "virtualenv-20.0.20.tar.gz", hash = "sha256:fd0e54dec8ac96c1c7c87daba85f0a59a7c37fe38748e154306ca21c73244637"},
]
virtualenv-clone = [
    {file = "virtualenv-clone-0.5.4.tar.gz", hash = "sha256:665e48dd54c84b98b71a657acb49104c54e7652bce9c1c4f6c6976ed4c827a29"},
    {file = "virtualenv_clone-0.5.4-py2.py3-none-any.whl", hash = "sha256:07e74418b7cc64f4fda987bf5bc71ebd59af27a7bc9e8a8ee9fd54b1f2390a27"},
]
win32-setctime = [
    {file = "win32_setctime-1.0.1-py3-none-any.whl", hash = "sha256:568fd636c68350bcc54755213fe01966fe0a6c90b386c0776425944a0382abef"},
    {file = "win32_setctime-1.0.1.tar.gz", hash = "sha256:b47e5023ec7f0b4962950902b15bc56464a380d869f59d27dbf9ab423b23e8f9"},
]
zipp = [
    {file = "zipp-3.1.0-py3-none-any.whl", hash = "sha256:aa36550ff0c0b7ef7fa639055d797116ee891440eac1a56f378e2d3179e0320b"},
    {file = "zipp-3.1.0.tar.gz", hash = "sha256:c599e4d75c98f6798c509911d08a22e6c021d074469042177c8c86fb92eefd96"},
]
